// !$*UTF8*$!
{
	archiveVersion = 1;
	classes = {
	};
	objectVersion = 50;
	objects = {

/* Begin PBXBuildFile section */
		B1DB1180D84E154A7BC289C4 /* Pods_LLAdapterSwiftDemo.framework in Frameworks */ = {isa = PBXBuildFile; fileRef = 12A8F3E48E84B84BE5B60EE8 /* Pods_LLAdapterSwiftDemo.framework */; };
		F30E5C80219037E900D3C57F /* TableViewDemo1.swift in Sources */ = {isa = PBXBuildFile; fileRef = F30E5C7E219037E900D3C57F /* TableViewDemo1.swift */; };
		F30E5C81219037E900D3C57F /* TableViewDemo1.xib in Resources */ = {isa = PBXBuildFile; fileRef = F30E5C7F219037E900D3C57F /* TableViewDemo1.xib */; };
		F30E5C8421903BB500D3C57F /* CollectionViewDemo1.swift in Sources */ = {isa = PBXBuildFile; fileRef = F30E5C8221903BB500D3C57F /* CollectionViewDemo1.swift */; };
		F30E5C8721903C2B00D3C57F /* CollectionViewDemo1.xib in Resources */ = {isa = PBXBuildFile; fileRef = F30E5C8621903C2B00D3C57F /* CollectionViewDemo1.xib */; };
		F30E5C8B2190435A00D3C57F /* CollectionCell1.swift in Sources */ = {isa = PBXBuildFile; fileRef = F30E5C892190435A00D3C57F /* CollectionCell1.swift */; };
		F30E5C8C2190435A00D3C57F /* CollectionCell1.xib in Resources */ = {isa = PBXBuildFile; fileRef = F30E5C8A2190435A00D3C57F /* CollectionCell1.xib */; };
		F30E5C9021904B4B00D3C57F /* TableCell1.swift in Sources */ = {isa = PBXBuildFile; fileRef = F30E5C8E21904B4B00D3C57F /* TableCell1.swift */; };
		F30E5C9121904B4B00D3C57F /* TableCell1.xib in Resources */ = {isa = PBXBuildFile; fileRef = F30E5C8F21904B4B00D3C57F /* TableCell1.xib */; };
		F30E5C9321904B6B00D3C57F /* TableHeaderView.swift in Sources */ = {isa = PBXBuildFile; fileRef = F30E5C9221904B6B00D3C57F /* TableHeaderView.swift */; };
		F30E5C9521904BAB00D3C57F /* TableFooterView.swift in Sources */ = {isa = PBXBuildFile; fileRef = F30E5C9421904BAB00D3C57F /* TableFooterView.swift */; };
		F30E5C9821904BF300D3C57F /* TableViewDemo2.swift in Sources */ = {isa = PBXBuildFile; fileRef = F30E5C9621904BF300D3C57F /* TableViewDemo2.swift */; };
		F30E5C9E219061C200D3C57F /* CollectionHeaderView.swift in Sources */ = {isa = PBXBuildFile; fileRef = F30E5C9C219061C200D3C57F /* CollectionHeaderView.swift */; };
		F30E5C9F219061C200D3C57F /* CollectionHeaderView.xib in Resources */ = {isa = PBXBuildFile; fileRef = F30E5C9D219061C200D3C57F /* CollectionHeaderView.xib */; };
		F30E5CA22190620500D3C57F /* CollectionFooterView.swift in Sources */ = {isa = PBXBuildFile; fileRef = F30E5CA02190620500D3C57F /* CollectionFooterView.swift */; };
		F30E5CA32190620500D3C57F /* CollectionFooterView.xib in Resources */ = {isa = PBXBuildFile; fileRef = F30E5CA12190620500D3C57F /* CollectionFooterView.xib */; };
		F327F17321899F03002B502D /* AppDelegate.swift in Sources */ = {isa = PBXBuildFile; fileRef = F327F17221899F03002B502D /* AppDelegate.swift */; };
		F327F17521899F03002B502D /* ViewController.swift in Sources */ = {isa = PBXBuildFile; fileRef = F327F17421899F03002B502D /* ViewController.swift */; };
		F327F17821899F03002B502D /* Main.storyboard in Resources */ = {isa = PBXBuildFile; fileRef = F327F17621899F03002B502D /* Main.storyboard */; };
		F327F17A21899F04002B502D /* Assets.xcassets in Resources */ = {isa = PBXBuildFile; fileRef = F327F17921899F04002B502D /* Assets.xcassets */; };
		F327F17D21899F04002B502D /* LaunchScreen.storyboard in Resources */ = {isa = PBXBuildFile; fileRef = F327F17B21899F04002B502D /* LaunchScreen.storyboard */; };
		F36B730A21917D370078A5E0 /* AdapterUtil.swift in Sources */ = {isa = PBXBuildFile; fileRef = F36B730921917D370078A5E0 /* AdapterUtil.swift */; };
		F36B730D21917EAB0078A5E0 /* CollectionDemoList.swift in Sources */ = {isa = PBXBuildFile; fileRef = F36B730B21917EAB0078A5E0 /* CollectionDemoList.swift */; };
		F36B731121917EF10078A5E0 /* BaseListViewController.swift in Sources */ = {isa = PBXBuildFile; fileRef = F36B731021917EF00078A5E0 /* BaseListViewController.swift */; };
		F36B7316219180D20078A5E0 /* CollectionViewDemo2.swift in Sources */ = {isa = PBXBuildFile; fileRef = F36B7314219180D20078A5E0 /* CollectionViewDemo2.swift */; };
		F36B7317219180D20078A5E0 /* CollectionViewDemo2.xib in Resources */ = {isa = PBXBuildFile; fileRef = F36B7315219180D20078A5E0 /* CollectionViewDemo2.xib */; };
		F36B731B219195230078A5E0 /* CollectionViewDemo3.swift in Sources */ = {isa = PBXBuildFile; fileRef = F36B7319219195230078A5E0 /* CollectionViewDemo3.swift */; };
		F36B731C219195230078A5E0 /* CollectionViewDemo3.xib in Resources */ = {isa = PBXBuildFile; fileRef = F36B731A219195230078A5E0 /* CollectionViewDemo3.xib */; };
		F36B731F219195D40078A5E0 /* CustomFlowLayout.swift in Sources */ = {isa = PBXBuildFile; fileRef = F36B731E219195D40078A5E0 /* CustomFlowLayout.swift */; };
		F36B73222191A1400078A5E0 /* TableViewDemoList.swift in Sources */ = {isa = PBXBuildFile; fileRef = F36B73212191A1400078A5E0 /* TableViewDemoList.swift */; };
		F37B2E93218FD293006C7E01 /* ImportHeader.swift in Sources */ = {isa = PBXBuildFile; fileRef = F37B2E92218FD293006C7E01 /* ImportHeader.swift */; };
/* End PBXBuildFile section */

/* Begin PBXFileReference section */
		12A8F3E48E84B84BE5B60EE8 /* Pods_LLAdapterSwiftDemo.framework */ = {isa = PBXFileReference; explicitFileType = wrapper.framework; includeInIndex = 0; path = Pods_LLAdapterSwiftDemo.framework; sourceTree = BUILT_PRODUCTS_DIR; };
		1C79940CAA298FA77EB4E111 /* Pods-LLAdapterSwiftDemo.release.xcconfig */ = {isa = PBXFileReference; includeInIndex = 1; lastKnownFileType = text.xcconfig; name = "Pods-LLAdapterSwiftDemo.release.xcconfig"; path = "Target Support Files/Pods-LLAdapterSwiftDemo/Pods-LLAdapterSwiftDemo.release.xcconfig"; sourceTree = "<group>"; };
		B3E638117007BD0811527B84 /* Pods_LLAdapterSwift.framework */ = {isa = PBXFileReference; explicitFileType = wrapper.framework; includeInIndex = 0; path = Pods_LLAdapterSwift.framework; sourceTree = BUILT_PRODUCTS_DIR; };
		BF5F516C0CE027125F514E71 /* Pods-LLAdapterSwiftDemo.debug.xcconfig */ = {isa = PBXFileReference; includeInIndex = 1; lastKnownFileType = text.xcconfig; name = "Pods-LLAdapterSwiftDemo.debug.xcconfig"; path = "Target Support Files/Pods-LLAdapterSwiftDemo/Pods-LLAdapterSwiftDemo.debug.xcconfig"; sourceTree = "<group>"; };
		F30E5C7E219037E900D3C57F /* TableViewDemo1.swift */ = {isa = PBXFileReference; lastKnownFileType = sourcecode.swift; path = TableViewDemo1.swift; sourceTree = "<group>"; };
		F30E5C7F219037E900D3C57F /* TableViewDemo1.xib */ = {isa = PBXFileReference; lastKnownFileType = file.xib; path = TableViewDemo1.xib; sourceTree = "<group>"; };
		F30E5C8221903BB500D3C57F /* CollectionViewDemo1.swift */ = {isa = PBXFileReference; lastKnownFileType = sourcecode.swift; path = CollectionViewDemo1.swift; sourceTree = "<group>"; };
		F30E5C8621903C2B00D3C57F /* CollectionViewDemo1.xib */ = {isa = PBXFileReference; fileEncoding = 4; lastKnownFileType = file.xib; path = CollectionViewDemo1.xib; sourceTree = "<group>"; };
		F30E5C892190435A00D3C57F /* CollectionCell1.swift */ = {isa = PBXFileReference; lastKnownFileType = sourcecode.swift; path = CollectionCell1.swift; sourceTree = "<group>"; };
		F30E5C8A2190435A00D3C57F /* CollectionCell1.xib */ = {isa = PBXFileReference; lastKnownFileType = file.xib; path = CollectionCell1.xib; sourceTree = "<group>"; };
		F30E5C8E21904B4B00D3C57F /* TableCell1.swift */ = {isa = PBXFileReference; lastKnownFileType = sourcecode.swift; path = TableCell1.swift; sourceTree = "<group>"; };
		F30E5C8F21904B4B00D3C57F /* TableCell1.xib */ = {isa = PBXFileReference; lastKnownFileType = file.xib; path = TableCell1.xib; sourceTree = "<group>"; };
		F30E5C9221904B6B00D3C57F /* TableHeaderView.swift */ = {isa = PBXFileReference; lastKnownFileType = sourcecode.swift; path = TableHeaderView.swift; sourceTree = "<group>"; };
		F30E5C9421904BAB00D3C57F /* TableFooterView.swift */ = {isa = PBXFileReference; lastKnownFileType = sourcecode.swift; path = TableFooterView.swift; sourceTree = "<group>"; };
		F30E5C9621904BF300D3C57F /* TableViewDemo2.swift */ = {isa = PBXFileReference; lastKnownFileType = sourcecode.swift; path = TableViewDemo2.swift; sourceTree = "<group>"; };
		F30E5C9C219061C200D3C57F /* CollectionHeaderView.swift */ = {isa = PBXFileReference; lastKnownFileType = sourcecode.swift; path = CollectionHeaderView.swift; sourceTree = "<group>"; };
		F30E5C9D219061C200D3C57F /* CollectionHeaderView.xib */ = {isa = PBXFileReference; lastKnownFileType = file.xib; path = CollectionHeaderView.xib; sourceTree = "<group>"; };
		F30E5CA02190620500D3C57F /* CollectionFooterView.swift */ = {isa = PBXFileReference; lastKnownFileType = sourcecode.swift; path = CollectionFooterView.swift; sourceTree = "<group>"; };
		F30E5CA12190620500D3C57F /* CollectionFooterView.xib */ = {isa = PBXFileReference; lastKnownFileType = file.xib; path = CollectionFooterView.xib; sourceTree = "<group>"; };
		F327F16F21899F03002B502D /* LLAdapterSwiftDemo.app */ = {isa = PBXFileReference; explicitFileType = wrapper.application; includeInIndex = 0; path = LLAdapterSwiftDemo.app; sourceTree = BUILT_PRODUCTS_DIR; };
		F327F17221899F03002B502D /* AppDelegate.swift */ = {isa = PBXFileReference; lastKnownFileType = sourcecode.swift; path = AppDelegate.swift; sourceTree = "<group>"; };
		F327F17421899F03002B502D /* ViewController.swift */ = {isa = PBXFileReference; lastKnownFileType = sourcecode.swift; path = ViewController.swift; sourceTree = "<group>"; };
		F327F17721899F03002B502D /* Base */ = {isa = PBXFileReference; lastKnownFileType = file.storyboard; name = Base; path = Base.lproj/Main.storyboard; sourceTree = "<group>"; };
		F327F17921899F04002B502D /* Assets.xcassets */ = {isa = PBXFileReference; lastKnownFileType = folder.assetcatalog; path = Assets.xcassets; sourceTree = "<group>"; };
		F327F17C21899F04002B502D /* Base */ = {isa = PBXFileReference; lastKnownFileType = file.storyboard; name = Base; path = Base.lproj/LaunchScreen.storyboard; sourceTree = "<group>"; };
		F327F17E21899F04002B502D /* Info.plist */ = {isa = PBXFileReference; lastKnownFileType = text.plist.xml; path = Info.plist; sourceTree = "<group>"; };
		F36B730921917D370078A5E0 /* AdapterUtil.swift */ = {isa = PBXFileReference; lastKnownFileType = sourcecode.swift; path = AdapterUtil.swift; sourceTree = "<group>"; };
		F36B730B21917EAB0078A5E0 /* CollectionDemoList.swift */ = {isa = PBXFileReference; lastKnownFileType = sourcecode.swift; path = CollectionDemoList.swift; sourceTree = "<group>"; };
		F36B731021917EF00078A5E0 /* BaseListViewController.swift */ = {isa = PBXFileReference; lastKnownFileType = sourcecode.swift; path = BaseListViewController.swift; sourceTree = "<group>"; };
		F36B7314219180D20078A5E0 /* CollectionViewDemo2.swift */ = {isa = PBXFileReference; lastKnownFileType = sourcecode.swift; path = CollectionViewDemo2.swift; sourceTree = "<group>"; };
		F36B7315219180D20078A5E0 /* CollectionViewDemo2.xib */ = {isa = PBXFileReference; lastKnownFileType = file.xib; path = CollectionViewDemo2.xib; sourceTree = "<group>"; };
		F36B7319219195230078A5E0 /* CollectionViewDemo3.swift */ = {isa = PBXFileReference; lastKnownFileType = sourcecode.swift; path = CollectionViewDemo3.swift; sourceTree = "<group>"; };
		F36B731A219195230078A5E0 /* CollectionViewDemo3.xib */ = {isa = PBXFileReference; lastKnownFileType = file.xib; path = CollectionViewDemo3.xib; sourceTree = "<group>"; };
		F36B731E219195D40078A5E0 /* CustomFlowLayout.swift */ = {isa = PBXFileReference; lastKnownFileType = sourcecode.swift; path = CustomFlowLayout.swift; sourceTree = "<group>"; };
		F36B73212191A1400078A5E0 /* TableViewDemoList.swift */ = {isa = PBXFileReference; lastKnownFileType = sourcecode.swift; path = TableViewDemoList.swift; sourceTree = "<group>"; };
		F37B2E92218FD293006C7E01 /* ImportHeader.swift */ = {isa = PBXFileReference; lastKnownFileType = sourcecode.swift; path = ImportHeader.swift; sourceTree = "<group>"; };
/* End PBXFileReference section */

/* Begin PBXFrameworksBuildPhase section */
		F327F16C21899F03002B502D /* Frameworks */ = {
			isa = PBXFrameworksBuildPhase;
			buildActionMask = 2147483647;
			files = (
				B1DB1180D84E154A7BC289C4 /* Pods_LLAdapterSwiftDemo.framework in Frameworks */,
			);
			runOnlyForDeploymentPostprocessing = 0;
		};
/* End PBXFrameworksBuildPhase section */

/* Begin PBXGroup section */
		3647FC2E1004AB05DFD6F4C7 /* Frameworks */ = {
			isa = PBXGroup;
			children = (
				B3E638117007BD0811527B84 /* Pods_LLAdapterSwift.framework */,
				12A8F3E48E84B84BE5B60EE8 /* Pods_LLAdapterSwiftDemo.framework */,
			);
			name = Frameworks;
			sourceTree = "<group>";
		};
		602C6D073BDAD2008EED62BB /* Pods */ = {
			isa = PBXGroup;
			children = (
				BF5F516C0CE027125F514E71 /* Pods-LLAdapterSwiftDemo.debug.xcconfig */,
				1C79940CAA298FA77EB4E111 /* Pods-LLAdapterSwiftDemo.release.xcconfig */,
			);
			path = Pods;
			sourceTree = "<group>";
		};
		F30E5C8821903CB200D3C57F /* View */ = {
			isa = PBXGroup;
			children = (
				F30E5C892190435A00D3C57F /* CollectionCell1.swift */,
				F30E5C8A2190435A00D3C57F /* CollectionCell1.xib */,
				F30E5C9C219061C200D3C57F /* CollectionHeaderView.swift */,
				F30E5C9D219061C200D3C57F /* CollectionHeaderView.xib */,
				F30E5CA02190620500D3C57F /* CollectionFooterView.swift */,
				F30E5CA12190620500D3C57F /* CollectionFooterView.xib */,
			);
			path = View;
			sourceTree = "<group>";
		};
		F30E5C8D21904AE700D3C57F /* View */ = {
			isa = PBXGroup;
			children = (
				F30E5C8E21904B4B00D3C57F /* TableCell1.swift */,
				F30E5C8F21904B4B00D3C57F /* TableCell1.xib */,
				F30E5C9221904B6B00D3C57F /* TableHeaderView.swift */,
				F30E5C9421904BAB00D3C57F /* TableFooterView.swift */,
			);
			path = View;
			sourceTree = "<group>";
		};
		F327F16621899F03002B502D = {
			isa = PBXGroup;
			children = (
				F327F17121899F03002B502D /* LLAdapterSwiftDemo */,
				F327F17021899F03002B502D /* Products */,
				602C6D073BDAD2008EED62BB /* Pods */,
				3647FC2E1004AB05DFD6F4C7 /* Frameworks */,
			);
			sourceTree = "<group>";
		};
		F327F17021899F03002B502D /* Products */ = {
			isa = PBXGroup;
			children = (
				F327F16F21899F03002B502D /* LLAdapterSwiftDemo.app */,
			);
			name = Products;
			sourceTree = "<group>";
		};
		F327F17121899F03002B502D /* LLAdapterSwiftDemo */ = {
			isa = PBXGroup;
			children = (
				F36B730F21917ECA0078A5E0 /* BaseListViewController */,
				F36B730821917D1F0078A5E0 /* Util */,
				F37B2E91218FD289006C7E01 /* Const */,
				F37B2E86218FD06D006C7E01 /* CollectViewAdapterDemo */,
				F37B2E85218FD05F006C7E01 /* TableViewAdapterDemo */,
				F327F17221899F03002B502D /* AppDelegate.swift */,
				F327F17421899F03002B502D /* ViewController.swift */,
				F327F17621899F03002B502D /* Main.storyboard */,
				F327F17921899F04002B502D /* Assets.xcassets */,
				F327F17B21899F04002B502D /* LaunchScreen.storyboard */,
				F327F17E21899F04002B502D /* Info.plist */,
			);
			path = LLAdapterSwiftDemo;
			sourceTree = "<group>";
		};
		F36B730821917D1F0078A5E0 /* Util */ = {
			isa = PBXGroup;
			children = (
				F36B730921917D370078A5E0 /* AdapterUtil.swift */,
			);
			path = Util;
			sourceTree = "<group>";
		};
		F36B730F21917ECA0078A5E0 /* BaseListViewController */ = {
			isa = PBXGroup;
			children = (
				F36B731021917EF00078A5E0 /* BaseListViewController.swift */,
			);
			path = BaseListViewController;
			sourceTree = "<group>";
		};
		F36B7318219181430078A5E0 /* 入口 */ = {
			isa = PBXGroup;
			children = (
				F36B730B21917EAB0078A5E0 /* CollectionDemoList.swift */,
			);
			path = "入口";
			sourceTree = "<group>";
		};
		F36B731D219195B60078A5E0 /* 自定义布局文件 */ = {
			isa = PBXGroup;
			children = (
				F36B731E219195D40078A5E0 /* CustomFlowLayout.swift */,
			);
			path = "自定义布局文件";
			sourceTree = "<group>";
		};
		F36B73202191A11F0078A5E0 /* 入口 */ = {
			isa = PBXGroup;
			children = (
				F36B73212191A1400078A5E0 /* TableViewDemoList.swift */,
			);
			path = "入口";
			sourceTree = "<group>";
		};
		F37B2E85218FD05F006C7E01 /* TableViewAdapterDemo */ = {
			isa = PBXGroup;
			children = (
				F36B73202191A11F0078A5E0 /* 入口 */,
				F30E5C8D21904AE700D3C57F /* View */,
				F30E5C7E219037E900D3C57F /* TableViewDemo1.swift */,
				F30E5C7F219037E900D3C57F /* TableViewDemo1.xib */,
				F30E5C9621904BF300D3C57F /* TableViewDemo2.swift */,
			);
			path = TableViewAdapterDemo;
			sourceTree = "<group>";
		};
		F37B2E86218FD06D006C7E01 /* CollectViewAdapterDemo */ = {
			isa = PBXGroup;
			children = (
				F36B731D219195B60078A5E0 /* 自定义布局文件 */,
				F36B7318219181430078A5E0 /* 入口 */,
				F30E5C8821903CB200D3C57F /* View */,
				F30E5C8221903BB500D3C57F /* CollectionViewDemo1.swift */,
				F30E5C8621903C2B00D3C57F /* CollectionViewDemo1.xib */,
				F36B7314219180D20078A5E0 /* CollectionViewDemo2.swift */,
				F36B7315219180D20078A5E0 /* CollectionViewDemo2.xib */,
				F36B7319219195230078A5E0 /* CollectionViewDemo3.swift */,
				F36B731A219195230078A5E0 /* CollectionViewDemo3.xib */,
			);
			path = CollectViewAdapterDemo;
			sourceTree = "<group>";
		};
		F37B2E91218FD289006C7E01 /* Const */ = {
			isa = PBXGroup;
			children = (
				F37B2E92218FD293006C7E01 /* ImportHeader.swift */,
			);
			path = Const;
			sourceTree = "<group>";
		};
/* End PBXGroup section */

/* Begin PBXNativeTarget section */
		F327F16E21899F03002B502D /* LLAdapterSwiftDemo */ = {
			isa = PBXNativeTarget;
			buildConfigurationList = F327F18121899F04002B502D /* Build configuration list for PBXNativeTarget "LLAdapterSwiftDemo" */;
			buildPhases = (
				AEBA5C55037D9FB82F7993D9 /* [CP] Check Pods Manifest.lock */,
				F327F16B21899F03002B502D /* Sources */,
				F327F16C21899F03002B502D /* Frameworks */,
				F327F16D21899F03002B502D /* Resources */,
				0E8351919A8AB7109F635706 /* [CP] Embed Pods Frameworks */,
			);
			buildRules = (
			);
			dependencies = (
			);
			name = LLAdapterSwiftDemo;
			productName = LLAdapterSwift;
			productReference = F327F16F21899F03002B502D /* LLAdapterSwiftDemo.app */;
			productType = "com.apple.product-type.application";
		};
/* End PBXNativeTarget section */

/* Begin PBXProject section */
		F327F16721899F03002B502D /* Project object */ = {
			isa = PBXProject;
			attributes = {
				LastSwiftUpdateCheck = 1000;
				LastUpgradeCheck = 1000;
				ORGANIZATIONNAME = PrettyGrass;
				TargetAttributes = {
					F327F16E21899F03002B502D = {
						CreatedOnToolsVersion = 10.0;
					};
				};
			};
			buildConfigurationList = F327F16A21899F03002B502D /* Build configuration list for PBXProject "LLAdapterSwiftDemo" */;
			compatibilityVersion = "Xcode 9.3";
			developmentRegion = en;
			hasScannedForEncodings = 0;
			knownRegions = (
				en,
				Base,
			);
			mainGroup = F327F16621899F03002B502D;
			productRefGroup = F327F17021899F03002B502D /* Products */;
			projectDirPath = "";
			projectRoot = "";
			targets = (
				F327F16E21899F03002B502D /* LLAdapterSwiftDemo */,
			);
		};
/* End PBXProject section */

/* Begin PBXResourcesBuildPhase section */
		F327F16D21899F03002B502D /* Resources */ = {
			isa = PBXResourcesBuildPhase;
			buildActionMask = 2147483647;
			files = (
				F30E5C81219037E900D3C57F /* TableViewDemo1.xib in Resources */,
				F30E5C9121904B4B00D3C57F /* TableCell1.xib in Resources */,
				F327F17D21899F04002B502D /* LaunchScreen.storyboard in Resources */,
				F327F17A21899F04002B502D /* Assets.xcassets in Resources */,
				F30E5C8C2190435A00D3C57F /* CollectionCell1.xib in Resources */,
				F30E5C9F219061C200D3C57F /* CollectionHeaderView.xib in Resources */,
				F36B731C219195230078A5E0 /* CollectionViewDemo3.xib in Resources */,
				F30E5CA32190620500D3C57F /* CollectionFooterView.xib in Resources */,
				F30E5C8721903C2B00D3C57F /* CollectionViewDemo1.xib in Resources */,
				F36B7317219180D20078A5E0 /* CollectionViewDemo2.xib in Resources */,
				F327F17821899F03002B502D /* Main.storyboard in Resources */,
			);
			runOnlyForDeploymentPostprocessing = 0;
		};
/* End PBXResourcesBuildPhase section */

/* Begin PBXShellScriptBuildPhase section */
		0E8351919A8AB7109F635706 /* [CP] Embed Pods Frameworks */ = {
			isa = PBXShellScriptBuildPhase;
			buildActionMask = 2147483647;
			files = (
			);
			inputPaths = (
				"${PODS_ROOT}/Target Support Files/Pods-LLAdapterSwiftDemo/Pods-LLAdapterSwiftDemo-frameworks.sh",
				"${BUILT_PRODUCTS_DIR}/LLAdapterSwift/LLAdapterSwift.framework",
				"${BUILT_PRODUCTS_DIR}/SnapKit/SnapKit.framework",
			);
			name = "[CP] Embed Pods Frameworks";
			outputPaths = (
				"${TARGET_BUILD_DIR}/${FRAMEWORKS_FOLDER_PATH}/LLAdapterSwift.framework",
				"${TARGET_BUILD_DIR}/${FRAMEWORKS_FOLDER_PATH}/SnapKit.framework",
			);
			runOnlyForDeploymentPostprocessing = 0;
			shellPath = /bin/sh;
			shellScript = "\"${PODS_ROOT}/Target Support Files/Pods-LLAdapterSwiftDemo/Pods-LLAdapterSwiftDemo-frameworks.sh\"\n";
			showEnvVarsInLog = 0;
		};
		AEBA5C55037D9FB82F7993D9 /* [CP] Check Pods Manifest.lock */ = {
			isa = PBXShellScriptBuildPhase;
			buildActionMask = 2147483647;
			files = (
			);
			inputPaths = (
				"${PODS_PODFILE_DIR_PATH}/Podfile.lock",
				"${PODS_ROOT}/Manifest.lock",
			);
			name = "[CP] Check Pods Manifest.lock";
			outputPaths = (
				"$(DERIVED_FILE_DIR)/Pods-LLAdapterSwiftDemo-checkManifestLockResult.txt",
			);
			runOnlyForDeploymentPostprocessing = 0;
			shellPath = /bin/sh;
			shellScript = "diff \"${PODS_PODFILE_DIR_PATH}/Podfile.lock\" \"${PODS_ROOT}/Manifest.lock\" > /dev/null\nif [ $? != 0 ] ; then\n    # print error to STDERR\n    echo \"error: The sandbox is not in sync with the Podfile.lock. Run 'pod install' or update your CocoaPods installation.\" >&2\n    exit 1\nfi\n# This output is used by Xcode 'outputs' to avoid re-running this script phase.\necho \"SUCCESS\" > \"${SCRIPT_OUTPUT_FILE_0}\"\n";
			showEnvVarsInLog = 0;
		};
/* End PBXShellScriptBuildPhase section */

/* Begin PBXSourcesBuildPhase section */
		F327F16B21899F03002B502D /* Sources */ = {
			isa = PBXSourcesBuildPhase;
			buildActionMask = 2147483647;
			files = (
				F30E5C9521904BAB00D3C57F /* TableFooterView.swift in Sources */,
				F36B731121917EF10078A5E0 /* BaseListViewController.swift in Sources */,
				F36B7316219180D20078A5E0 /* CollectionViewDemo2.swift in Sources */,
				F36B731B219195230078A5E0 /* CollectionViewDemo3.swift in Sources */,
				F30E5C9E219061C200D3C57F /* CollectionHeaderView.swift in Sources */,
				F37B2E93218FD293006C7E01 /* ImportHeader.swift in Sources */,
				F30E5C8B2190435A00D3C57F /* CollectionCell1.swift in Sources */,
				F30E5C9821904BF300D3C57F /* TableViewDemo2.swift in Sources */,
				F30E5C9021904B4B00D3C57F /* TableCell1.swift in Sources */,
				F30E5C8421903BB500D3C57F /* CollectionViewDemo1.swift in Sources */,
				F327F17521899F03002B502D /* ViewController.swift in Sources */,
				F30E5C80219037E900D3C57F /* TableViewDemo1.swift in Sources */,
				F327F17321899F03002B502D /* AppDelegate.swift in Sources */,
				F36B73222191A1400078A5E0 /* TableViewDemoList.swift in Sources */,
				F36B730D21917EAB0078A5E0 /* CollectionDemoList.swift in Sources */,
				F36B730A21917D370078A5E0 /* AdapterUtil.swift in Sources */,
				F30E5C9321904B6B00D3C57F /* TableHeaderView.swift in Sources */,
				F36B731F219195D40078A5E0 /* CustomFlowLayout.swift in Sources */,
				F30E5CA22190620500D3C57F /* CollectionFooterView.swift in Sources */,
			);
			runOnlyForDeploymentPostprocessing = 0;
		};
/* End PBXSourcesBuildPhase section */

/* Begin PBXVariantGroup section */
		F327F17621899F03002B502D /* Main.storyboard */ = {
			isa = PBXVariantGroup;
			children = (
				F327F17721899F03002B502D /* Base */,
			);
			name = Main.storyboard;
			sourceTree = "<group>";
		};
		F327F17B21899F04002B502D /* LaunchScreen.storyboard */ = {
			isa = PBXVariantGroup;
			children = (
				F327F17C21899F04002B502D /* Base */,
			);
			name = LaunchScreen.storyboard;
			sourceTree = "<group>";
		};
/* End PBXVariantGroup section */

/* Begin XCBuildConfiguration section */
		F327F17F21899F04002B502D /* Debug */ = {
			isa = XCBuildConfiguration;
			buildSettings = {
				ALWAYS_SEARCH_USER_PATHS = NO;
				CLANG_ANALYZER_NONNULL = YES;
				CLANG_ANALYZER_NUMBER_OBJECT_CONVERSION = YES_AGGRESSIVE;
				CLANG_CXX_LANGUAGE_STANDARD = "gnu++14";
				CLANG_CXX_LIBRARY = "libc++";
				CLANG_ENABLE_MODULES = YES;
				CLANG_ENABLE_OBJC_ARC = YES;
				CLANG_ENABLE_OBJC_WEAK = YES;
				CLANG_WARN_BLOCK_CAPTURE_AUTORELEASING = YES;
				CLANG_WARN_BOOL_CONVERSION = YES;
				CLANG_WARN_COMMA = YES;
				CLANG_WARN_CONSTANT_CONVERSION = YES;
				CLANG_WARN_DEPRECATED_OBJC_IMPLEMENTATIONS = YES;
				CLANG_WARN_DIRECT_OBJC_ISA_USAGE = YES_ERROR;
				CLANG_WARN_DOCUMENTATION_COMMENTS = YES;
				CLANG_WARN_EMPTY_BODY = YES;
				CLANG_WARN_ENUM_CONVERSION = YES;
				CLANG_WARN_INFINITE_RECURSION = YES;
				CLANG_WARN_INT_CONVERSION = YES;
				CLANG_WARN_NON_LITERAL_NULL_CONVERSION = YES;
				CLANG_WARN_OBJC_IMPLICIT_RETAIN_SELF = YES;
				CLANG_WARN_OBJC_LITERAL_CONVERSION = YES;
				CLANG_WARN_OBJC_ROOT_CLASS = YES_ERROR;
				CLANG_WARN_RANGE_LOOP_ANALYSIS = YES;
				CLANG_WARN_STRICT_PROTOTYPES = YES;
				CLANG_WARN_SUSPICIOUS_MOVE = YES;
				CLANG_WARN_UNGUARDED_AVAILABILITY = YES_AGGRESSIVE;
				CLANG_WARN_UNREACHABLE_CODE = YES;
				CLANG_WARN__DUPLICATE_METHOD_MATCH = YES;
				CODE_SIGN_IDENTITY = "iPhone Developer";
				COPY_PHASE_STRIP = NO;
				DEBUG_INFORMATION_FORMAT = dwarf;
				ENABLE_STRICT_OBJC_MSGSEND = YES;
				ENABLE_TESTABILITY = YES;
				GCC_C_LANGUAGE_STANDARD = gnu11;
				GCC_DYNAMIC_NO_PIC = NO;
				GCC_NO_COMMON_BLOCKS = YES;
				GCC_OPTIMIZATION_LEVEL = 0;
				GCC_PREPROCESSOR_DEFINITIONS = (
					"DEBUG=1",
					"$(inherited)",
				);
				GCC_WARN_64_TO_32_BIT_CONVERSION = YES;
				GCC_WARN_ABOUT_RETURN_TYPE = YES_ERROR;
				GCC_WARN_UNDECLARED_SELECTOR = YES;
				GCC_WARN_UNINITIALIZED_AUTOS = YES_AGGRESSIVE;
				GCC_WARN_UNUSED_FUNCTION = YES;
				GCC_WARN_UNUSED_VARIABLE = YES;
				IPHONEOS_DEPLOYMENT_TARGET = 10.0;
				MTL_ENABLE_DEBUG_INFO = INCLUDE_SOURCE;
				MTL_FAST_MATH = YES;
				ONLY_ACTIVE_ARCH = YES;
				SDKROOT = iphoneos;
				SWIFT_ACTIVE_COMPILATION_CONDITIONS = DEBUG;
				SWIFT_OPTIMIZATION_LEVEL = "-Onone";
			};
			name = Debug;
		};
		F327F18021899F04002B502D /* Release */ = {
			isa = XCBuildConfiguration;
			buildSettings = {
				ALWAYS_SEARCH_USER_PATHS = NO;
				CLANG_ANALYZER_NONNULL = YES;
				CLANG_ANALYZER_NUMBER_OBJECT_CONVERSION = YES_AGGRESSIVE;
				CLANG_CXX_LANGUAGE_STANDARD = "gnu++14";
				CLANG_CXX_LIBRARY = "libc++";
				CLANG_ENABLE_MODULES = YES;
				CLANG_ENABLE_OBJC_ARC = YES;
				CLANG_ENABLE_OBJC_WEAK = YES;
				CLANG_WARN_BLOCK_CAPTURE_AUTORELEASING = YES;
				CLANG_WARN_BOOL_CONVERSION = YES;
				CLANG_WARN_COMMA = YES;
				CLANG_WARN_CONSTANT_CONVERSION = YES;
				CLANG_WARN_DEPRECATED_OBJC_IMPLEMENTATIONS = YES;
				CLANG_WARN_DIRECT_OBJC_ISA_USAGE = YES_ERROR;
				CLANG_WARN_DOCUMENTATION_COMMENTS = YES;
				CLANG_WARN_EMPTY_BODY = YES;
				CLANG_WARN_ENUM_CONVERSION = YES;
				CLANG_WARN_INFINITE_RECURSION = YES;
				CLANG_WARN_INT_CONVERSION = YES;
				CLANG_WARN_NON_LITERAL_NULL_CONVERSION = YES;
				CLANG_WARN_OBJC_IMPLICIT_RETAIN_SELF = YES;
				CLANG_WARN_OBJC_LITERAL_CONVERSION = YES;
				CLANG_WARN_OBJC_ROOT_CLASS = YES_ERROR;
				CLANG_WARN_RANGE_LOOP_ANALYSIS = YES;
				CLANG_WARN_STRICT_PROTOTYPES = YES;
				CLANG_WARN_SUSPICIOUS_MOVE = YES;
				CLANG_WARN_UNGUARDED_AVAILABILITY = YES_AGGRESSIVE;
				CLANG_WARN_UNREACHABLE_CODE = YES;
				CLANG_WARN__DUPLICATE_METHOD_MATCH = YES;
				CODE_SIGN_IDENTITY = "iPhone Developer";
				COPY_PHASE_STRIP = NO;
				DEBUG_INFORMATION_FORMAT = "dwarf-with-dsym";
				ENABLE_NS_ASSERTIONS = NO;
				ENABLE_STRICT_OBJC_MSGSEND = YES;
				GCC_C_LANGUAGE_STANDARD = gnu11;
				GCC_NO_COMMON_BLOCKS = YES;
				GCC_WARN_64_TO_32_BIT_CONVERSION = YES;
				GCC_WARN_ABOUT_RETURN_TYPE = YES_ERROR;
				GCC_WARN_UNDECLARED_SELECTOR = YES;
				GCC_WARN_UNINITIALIZED_AUTOS = YES_AGGRESSIVE;
				GCC_WARN_UNUSED_FUNCTION = YES;
				GCC_WARN_UNUSED_VARIABLE = YES;
				IPHONEOS_DEPLOYMENT_TARGET = 10.0;
				MTL_ENABLE_DEBUG_INFO = NO;
				MTL_FAST_MATH = YES;
				SDKROOT = iphoneos;
				SWIFT_COMPILATION_MODE = wholemodule;
				SWIFT_OPTIMIZATION_LEVEL = "-O";
				VALIDATE_PRODUCT = YES;
			};
			name = Release;
		};
		F327F18221899F04002B502D /* Debug */ = {
			isa = XCBuildConfiguration;
			baseConfigurationReference = BF5F516C0CE027125F514E71 /* Pods-LLAdapterSwiftDemo.debug.xcconfig */;
			buildSettings = {
				ASSETCATALOG_COMPILER_APPICON_NAME = AppIcon;
				CODE_SIGN_STYLE = Automatic;
				DEVELOPMENT_TEAM = 9F64NC5QM7;
				INFOPLIST_FILE = "$(SRCROOT)/LLAdapterSwiftDemo/Info.plist";
				IPHONEOS_DEPLOYMENT_TARGET = 10.0;
				LD_RUNPATH_SEARCH_PATHS = (
					"$(inherited)",
					"@executable_path/Frameworks",
				);
				PRODUCT_BUNDLE_IDENTIFIER = com.PrettyGrass.LLAdapterSwift;
				PRODUCT_NAME = "$(TARGET_NAME)";
				SWIFT_VERSION = 5.0;
				TARGETED_DEVICE_FAMILY = "1,2";
			};
			name = Debug;
		};
		F327F18321899F04002B502D /* Release */ = {
			isa = XCBuildConfiguration;
			baseConfigurationReference = 1C79940CAA298FA77EB4E111 /* Pods-LLAdapterSwiftDemo.release.xcconfig */;
			buildSettings = {
				ASSETCATALOG_COMPILER_APPICON_NAME = AppIcon;
				CODE_SIGN_STYLE = Automatic;
				DEVELOPMENT_TEAM = 9F64NC5QM7;
				INFOPLIST_FILE = "$(SRCROOT)/LLAdapterSwiftDemo/Info.plist";
				IPHONEOS_DEPLOYMENT_TARGET = 10.0;
				LD_RUNPATH_SEARCH_PATHS = (
					"$(inherited)",
					"@executable_path/Frameworks",
				);
				PRODUCT_BUNDLE_IDENTIFIER = com.PrettyGrass.LLAdapterSwift;
				PRODUCT_NAME = "$(TARGET_NAME)";
				SWIFT_VERSION = 5.0;
				TARGETED_DEVICE_FAMILY = "1,2";
			};
			name = Release;
		};
/* End XCBuildConfiguration section */

/* Begin XCConfigurationList section */
		F327F16A21899F03002B502D /* Build configuration list for PBXProject "LLAdapterSwiftDemo" */ = {
			isa = XCConfigurationList;
			buildConfigurations = (
				F327F17F21899F04002B502D /* Debug */,
				F327F18021899F04002B502D /* Release */,
			);
			defaultConfigurationIsVisible = 0;
			defaultConfigurationName = Release;
		};
		F327F18121899F04002B502D /* Build configuration list for PBXNativeTarget "LLAdapterSwiftDemo" */ = {
			isa = XCConfigurationList;
			buildConfigurations = (
				F327F18221899F04002B502D /* Debug */,
				F327F18321899F04002B502D /* Release */,
			);
			defaultConfigurationIsVisible = 0;
			defaultConfigurationName = Release;
		};
/* End XCConfigurationList section */
	};
	rootObject = F327F16721899F03002B502D /* Project object */;
}
